
Microsoft Visual Studio Solution File, Format Version 12.00
# Visual Studio Version 16
VisualStudioVersion = 16.0.29306.81
MinimumVisualStudioVersion = 10.0.40219.1
Project("{FAE04EC0-301F-11D3-BF4B-00C04F79EFBC}") = "DoAnCTDL", "DoAnCTDL\DoAnCTDL.csproj", "{817A7661-D8F3-4E1A-9DD0-0F03DEC54F97}"
EndProject
Global
	GlobalSection(SolutionConfigurationPlatforms) = preSolution
		Debug|Any CPU = Debug|Any CPU
		Release|Any CPU = Release|Any CPU
	EndGlobalSection
	GlobalSection(ProjectConfigurationPlatforms) = postSolution
		{817A7661-D8F3-4E1A-9DD0-0F03DEC54F97}.Debug|Any CPU.ActiveCfg = Debug|Any CPU
		{817A7661-D8F3-4E1A-9DD0-0F03DEC54F97}.Debug|Any CPU.Build.0 = Debug|Any CPU
		{817A7661-D8F3-4E1A-9DD0-0F03DEC54F97}.Release|Any CPU.ActiveCfg = Release|Any CPU
		{817A7661-D8F3-4E1A-9DD0-0F03DEC54F97}.Release|Any CPU.Build.0 = Release|Any CPU
	EndGlobalSection
	GlobalSection(SolutionProperties) = preSolution
		HideSolutionNode = FALSE
	EndGlobalSection
	GlobalSection(ExtensibilityGlobals) = postSolution
		SolutionGuid = {8C64DE8A-086D-417C-90B2-F7FEFF963BB3}
	EndGlobalSection
EndGlobal
